
Microsoft Visual Studio Solution File, Format Version 12.00
# Visual Studio 15
VisualStudioVersion = 15.0.28307.1145
MinimumVisualStudioVersion = 10.0.40219.1
Project("{FAE04EC0-301F-11D3-BF4B-00C04F79EFBC}") = "Client", "Client\Client.csproj", "{D1424FB2-07CC-4F66-8A28-87B0687140AD}"
EndProject
Project("{FAE04EC0-301F-11D3-BF4B-00C04F79EFBC}") = "Server", "Server\Server.csproj", "{544D0CD9-050B-43F6-868B-62CD0532E361}"
EndProject
Global
	GlobalSection(SolutionConfigurationPlatforms) = preSolution
		Debug|Any CPU = Debug|Any CPU
		Release|Any CPU = Release|Any CPU
	EndGlobalSection
	GlobalSection(ProjectConfigurationPlatforms) = postSolution
		{D1424FB2-07CC-4F66-8A28-87B0687140AD}.Debug|Any CPU.ActiveCfg = Debug|Any CPU
		{D1424FB2-07CC-4F66-8A28-87B0687140AD}.Debug|Any CPU.Build.0 = Debug|Any CPU
		{D1424FB2-07CC-4F66-8A28-87B0687140AD}.Release|Any CPU.ActiveCfg = Release|Any CPU
		{D1424FB2-07CC-4F66-8A28-87B0687140AD}.Release|Any CPU.Build.0 = Release|Any CPU
		{544D0CD9-050B-43F6-868B-62CD0532E361}.Debug|Any CPU.ActiveCfg = Debug|Any CPU
		{544D0CD9-050B-43F6-868B-62CD0532E361}.Debug|Any CPU.Build.0 = Debug|Any CPU
		{544D0CD9-050B-43F6-868B-62CD0532E361}.Release|Any CPU.ActiveCfg = Release|Any CPU
		{544D0CD9-050B-43F6-868B-62CD0532E361}.Release|Any CPU.Build.0 = Release|Any CPU
	EndGlobalSection
	GlobalSection(SolutionProperties) = preSolution
		HideSolutionNode = FALSE
	EndGlobalSection
	GlobalSection(ExtensibilityGlobals) = postSolution
		SolutionGuid = {8B8AB4D2-4CCC-4BDA-BD09-C51E3D807663}
	EndGlobalSection
EndGlobal
